
Microsoft Visual Studio Solution File, Format Version 12.00
# Visual Studio Version 17
VisualStudioVersion = 17.8.34511.84
MinimumVisualStudioVersion = 10.0.40219.1
Project("{FAE04EC0-301F-11D3-BF4B-00C04F79EFBC}") = "QuoteAlert", "QuoteAlert\QuoteAlert.csproj", "{C38489BA-374D-4645-A910-D6C64B0E0051}"
EndProject
Global
	GlobalSection(SolutionConfigurationPlatforms) = preSolution
		Debug|Any CPU = Debug|Any CPU
		Release|Any CPU = Release|Any CPU
	EndGlobalSection
	GlobalSection(ProjectConfigurationPlatforms) = postSolution
		{C38489BA-374D-4645-A910-D6C64B0E0051}.Debug|Any CPU.ActiveCfg = Debug|Any CPU
		{C38489BA-374D-4645-A910-D6C64B0E0051}.Debug|Any CPU.Build.0 = Debug|Any CPU
		{C38489BA-374D-4645-A910-D6C64B0E0051}.Release|Any CPU.ActiveCfg = Release|Any CPU
		{C38489BA-374D-4645-A910-D6C64B0E0051}.Release|Any CPU.Build.0 = Release|Any CPU
	EndGlobalSection
	GlobalSection(SolutionProperties) = preSolution
		HideSolutionNode = FALSE
	EndGlobalSection
	GlobalSection(ExtensibilityGlobals) = postSolution
		SolutionGuid = {E4FAF469-847D-45E9-A74D-465AAEB61CEB}
	EndGlobalSection
EndGlobal
